
Microsoft Visual Studio Solution File, Format Version 12.00
# Visual Studio Version 17
VisualStudioVersion = 17.10.34707.107
MinimumVisualStudioVersion = 10.0.40219.1
Project("{9A19103F-16F7-4668-BE54-9A1E7A4F7556}") = "Define", "Define\Define.csproj", "{EA1500C1-D7D2-4C03-8C0F-B63264041CEC}"
EndProject
Project("{9A19103F-16F7-4668-BE54-9A1E7A4F7556}") = "Define.Tests", "Define.Tests\Define.Tests.csproj", "{9B114FD4-8762-4189-B93B-5DBEA6E56081}"
EndProject
Project("{9A19103F-16F7-4668-BE54-9A1E7A4F7556}") = "Define.Zip", "Define.Zip\Define.Zip.csproj", "{C5538DBB-08DC-43FF-8E04-5BB799225EE4}"
EndProject
Project("{9A19103F-16F7-4668-BE54-9A1E7A4F7556}") = "Define.Zip.Tests", "Define.Zip.Tests\Define.Zip.Tests.csproj", "{7F036BC3-A492-466E-B5D8-A53DB76A7007}"
EndProject
Project("{9A19103F-16F7-4668-BE54-9A1E7A4F7556}") = "TestSharedLib", "TestSharedLib\TestSharedLib.csproj", "{556206C5-855A-4976-A26B-87AC39C82804}"
EndProject
Project("{9A19103F-16F7-4668-BE54-9A1E7A4F7556}") = "Define.FastCache", "Define.FastCache\Define.FastCache.csproj", "{930BA7FC-9744-444F-935E-045D69D8BB99}"
EndProject
Project("{9A19103F-16F7-4668-BE54-9A1E7A4F7556}") = "Define.FastCache.Tests", "Define.FastCache.Tests\Define.FastCache.Tests.csproj", "{62768136-09A0-497D-9F27-C7FE59E1C77A}"
EndProject
Project("{9A19103F-16F7-4668-BE54-9A1E7A4F7556}") = "Define.Monogame", "Define.Monogame\Define.Monogame.csproj", "{A0C1CDD4-ACB9-408F-AE13-3DEB67C1391F}"
EndProject
Project("{9A19103F-16F7-4668-BE54-9A1E7A4F7556}") = "Define.Monogame.Tests", "Define.Monogame.Tests\Define.Monogame.Tests.csproj", "{9014BE32-6901-4C0B-B713-901EC84A407D}"
EndProject
Project("{D954291E-2A0B-460D-934E-DC6B0785DB48}") = "Define.XnaSupportShared", "Define.XnaSupportShared\Define.XnaSupportShared.shproj", "{A55B2BDD-4C0B-49FF-A08A-81200B842BA6}"
EndProject
Project("{FAE04EC0-301F-11D3-BF4B-00C04F79EFBC}") = "Define.KNI", "Define.KNI\Define.KNI.csproj", "{E26AB71F-1C2E-46A0-A411-977B73352C40}"
EndProject
Global
	GlobalSection(SolutionConfigurationPlatforms) = preSolution
		Debug|Any CPU = Debug|Any CPU
		Release|Any CPU = Release|Any CPU
	EndGlobalSection
	GlobalSection(ProjectConfigurationPlatforms) = postSolution
		{EA1500C1-D7D2-4C03-8C0F-B63264041CEC}.Debug|Any CPU.ActiveCfg = Debug|Any CPU
		{EA1500C1-D7D2-4C03-8C0F-B63264041CEC}.Debug|Any CPU.Build.0 = Debug|Any CPU
		{EA1500C1-D7D2-4C03-8C0F-B63264041CEC}.Release|Any CPU.ActiveCfg = Release|Any CPU
		{EA1500C1-D7D2-4C03-8C0F-B63264041CEC}.Release|Any CPU.Build.0 = Release|Any CPU
		{9B114FD4-8762-4189-B93B-5DBEA6E56081}.Debug|Any CPU.ActiveCfg = Debug|Any CPU
		{9B114FD4-8762-4189-B93B-5DBEA6E56081}.Debug|Any CPU.Build.0 = Debug|Any CPU
		{9B114FD4-8762-4189-B93B-5DBEA6E56081}.Release|Any CPU.ActiveCfg = Release|Any CPU
		{9B114FD4-8762-4189-B93B-5DBEA6E56081}.Release|Any CPU.Build.0 = Release|Any CPU
		{C5538DBB-08DC-43FF-8E04-5BB799225EE4}.Debug|Any CPU.ActiveCfg = Debug|Any CPU
		{C5538DBB-08DC-43FF-8E04-5BB799225EE4}.Debug|Any CPU.Build.0 = Debug|Any CPU
		{C5538DBB-08DC-43FF-8E04-5BB799225EE4}.Release|Any CPU.ActiveCfg = Release|Any CPU
		{C5538DBB-08DC-43FF-8E04-5BB799225EE4}.Release|Any CPU.Build.0 = Release|Any CPU
		{7F036BC3-A492-466E-B5D8-A53DB76A7007}.Debug|Any CPU.ActiveCfg = Debug|Any CPU
		{7F036BC3-A492-466E-B5D8-A53DB76A7007}.Debug|Any CPU.Build.0 = Debug|Any CPU
		{7F036BC3-A492-466E-B5D8-A53DB76A7007}.Release|Any CPU.ActiveCfg = Release|Any CPU
		{7F036BC3-A492-466E-B5D8-A53DB76A7007}.Release|Any CPU.Build.0 = Release|Any CPU
		{556206C5-855A-4976-A26B-87AC39C82804}.Debug|Any CPU.ActiveCfg = Debug|Any CPU
		{556206C5-855A-4976-A26B-87AC39C82804}.Debug|Any CPU.Build.0 = Debug|Any CPU
		{556206C5-855A-4976-A26B-87AC39C82804}.Release|Any CPU.ActiveCfg = Release|Any CPU
		{556206C5-855A-4976-A26B-87AC39C82804}.Release|Any CPU.Build.0 = Release|Any CPU
		{930BA7FC-9744-444F-935E-045D69D8BB99}.Debug|Any CPU.ActiveCfg = Debug|Any CPU
		{930BA7FC-9744-444F-935E-045D69D8BB99}.Debug|Any CPU.Build.0 = Debug|Any CPU
		{930BA7FC-9744-444F-935E-045D69D8BB99}.Release|Any CPU.ActiveCfg = Release|Any CPU
		{930BA7FC-9744-444F-935E-045D69D8BB99}.Release|Any CPU.Build.0 = Release|Any CPU
		{62768136-09A0-497D-9F27-C7FE59E1C77A}.Debug|Any CPU.ActiveCfg = Debug|Any CPU
		{62768136-09A0-497D-9F27-C7FE59E1C77A}.Debug|Any CPU.Build.0 = Debug|Any CPU
		{62768136-09A0-497D-9F27-C7FE59E1C77A}.Release|Any CPU.ActiveCfg = Release|Any CPU
		{62768136-09A0-497D-9F27-C7FE59E1C77A}.Release|Any CPU.Build.0 = Release|Any CPU
		{A0C1CDD4-ACB9-408F-AE13-3DEB67C1391F}.Debug|Any CPU.ActiveCfg = Debug|Any CPU
		{A0C1CDD4-ACB9-408F-AE13-3DEB67C1391F}.Debug|Any CPU.Build.0 = Debug|Any CPU
		{A0C1CDD4-ACB9-408F-AE13-3DEB67C1391F}.Release|Any CPU.ActiveCfg = Release|Any CPU
		{A0C1CDD4-ACB9-408F-AE13-3DEB67C1391F}.Release|Any CPU.Build.0 = Release|Any CPU
		{9014BE32-6901-4C0B-B713-901EC84A407D}.Debug|Any CPU.ActiveCfg = Debug|Any CPU
		{9014BE32-6901-4C0B-B713-901EC84A407D}.Debug|Any CPU.Build.0 = Debug|Any CPU
		{9014BE32-6901-4C0B-B713-901EC84A407D}.Release|Any CPU.ActiveCfg = Release|Any CPU
		{9014BE32-6901-4C0B-B713-901EC84A407D}.Release|Any CPU.Build.0 = Release|Any CPU
		{E26AB71F-1C2E-46A0-A411-977B73352C40}.Debug|Any CPU.ActiveCfg = Debug|Any CPU
		{E26AB71F-1C2E-46A0-A411-977B73352C40}.Debug|Any CPU.Build.0 = Debug|Any CPU
		{E26AB71F-1C2E-46A0-A411-977B73352C40}.Release|Any CPU.ActiveCfg = Release|Any CPU
		{E26AB71F-1C2E-46A0-A411-977B73352C40}.Release|Any CPU.Build.0 = Release|Any CPU
	EndGlobalSection
	GlobalSection(SolutionProperties) = preSolution
		HideSolutionNode = FALSE
	EndGlobalSection
	GlobalSection(ExtensibilityGlobals) = postSolution
		SolutionGuid = {6AD23389-BE88-4F2B-935F-C8C9419903D6}
	EndGlobalSection
	GlobalSection(SharedMSBuildProjectFiles) = preSolution
		Define.XnaSupportShared\Define.XnaSupportShared.projitems*{a0c1cdd4-acb9-408f-ae13-3deb67c1391f}*SharedItemsImports = 5
		Define.XnaSupportShared\Define.XnaSupportShared.projitems*{a55b2bdd-4c0b-49ff-a08a-81200b842ba6}*SharedItemsImports = 13
		Define.XnaSupportShared\Define.XnaSupportShared.projitems*{e26ab71f-1c2e-46a0-a411-977b73352c40}*SharedItemsImports = 5
	EndGlobalSection
EndGlobal
